
Microsoft Visual Studio Solution File, Format Version 12.00
# Visual Studio Version 17
VisualStudioVersion = 17.7.34202.233
MinimumVisualStudioVersion = 10.0.40219.1
Project("{FAE04EC0-301F-11D3-BF4B-00C04F79EFBC}") = "Arrays", "Arrays\Arrays.csproj", "{58812E5C-12E9-42DB-9C93-5557CF752559}"
EndProject
Global
	GlobalSection(SolutionConfigurationPlatforms) = preSolution
		Debug|Any CPU = Debug|Any CPU
		Release|Any CPU = Release|Any CPU
	EndGlobalSection
	GlobalSection(ProjectConfigurationPlatforms) = postSolution
		{58812E5C-12E9-42DB-9C93-5557CF752559}.Debug|Any CPU.ActiveCfg = Debug|Any CPU
		{58812E5C-12E9-42DB-9C93-5557CF752559}.Debug|Any CPU.Build.0 = Debug|Any CPU
		{58812E5C-12E9-42DB-9C93-5557CF752559}.Release|Any CPU.ActiveCfg = Release|Any CPU
		{58812E5C-12E9-42DB-9C93-5557CF752559}.Release|Any CPU.Build.0 = Release|Any CPU
	EndGlobalSection
	GlobalSection(SolutionProperties) = preSolution
		HideSolutionNode = FALSE
	EndGlobalSection
	GlobalSection(ExtensibilityGlobals) = postSolution
		SolutionGuid = {728DEF52-3C49-43B6-A15F-3DFC1DF0197C}
	EndGlobalSection
EndGlobal
